
Microsoft Visual Studio Solution File, Format Version 12.00
# Visual Studio Version 16
VisualStudioVersion = 16.0.31025.194
MinimumVisualStudioVersion = 10.0.40219.1
Project("{FAE04EC0-301F-11D3-BF4B-00C04F79EFBC}") = "week8", "week8\week8.csproj", "{5EA48184-4541-4646-954F-33B235931591}"
EndProject
Global
	GlobalSection(SolutionConfigurationPlatforms) = preSolution
		Debug|Any CPU = Debug|Any CPU
		Release|Any CPU = Release|Any CPU
	EndGlobalSection
	GlobalSection(ProjectConfigurationPlatforms) = postSolution
		{5EA48184-4541-4646-954F-33B235931591}.Debug|Any CPU.ActiveCfg = Debug|Any CPU
		{5EA48184-4541-4646-954F-33B235931591}.Debug|Any CPU.Build.0 = Debug|Any CPU
		{5EA48184-4541-4646-954F-33B235931591}.Release|Any CPU.ActiveCfg = Release|Any CPU
		{5EA48184-4541-4646-954F-33B235931591}.Release|Any CPU.Build.0 = Release|Any CPU
	EndGlobalSection
	GlobalSection(SolutionProperties) = preSolution
		HideSolutionNode = FALSE
	EndGlobalSection
	GlobalSection(ExtensibilityGlobals) = postSolution
		SolutionGuid = {1E127FBC-5A3F-49E8-A7DC-50E67CDEE5EB}
	EndGlobalSection
EndGlobal
